
Microsoft Visual Studio Solution File, Format Version 12.00
# Visual Studio 15
Project("{FAE04EC0-301F-11D3-BF4B-00C04F79EFBC}") = "Assembly-CSharp", "Assembly-CSharp.csproj", "{BA76A0B6-50EC-1517-CF3B-12799C747767}"
EndProject
Project("{FAE04EC0-301F-11D3-BF4B-00C04F79EFBC}") = "Assembly-CSharp-Editor", "Assembly-CSharp-Editor.csproj", "{34E8B5E4-ADAA-4341-D43D-B878A03546E6}"
EndProject
Global
	GlobalSection(SolutionConfigurationPlatforms) = preSolution
		Debug|Any CPU = Debug|Any CPU
		Release|Any CPU = Release|Any CPU
	EndGlobalSection
	GlobalSection(ProjectConfigurationPlatforms) = postSolution
		{BA76A0B6-50EC-1517-CF3B-12799C747767}.Debug|Any CPU.ActiveCfg = Debug|Any CPU
		{BA76A0B6-50EC-1517-CF3B-12799C747767}.Debug|Any CPU.Build.0 = Debug|Any CPU
		{BA76A0B6-50EC-1517-CF3B-12799C747767}.Release|Any CPU.ActiveCfg = Release|Any CPU
		{BA76A0B6-50EC-1517-CF3B-12799C747767}.Release|Any CPU.Build.0 = Release|Any CPU
		{34E8B5E4-ADAA-4341-D43D-B878A03546E6}.Debug|Any CPU.ActiveCfg = Debug|Any CPU
		{34E8B5E4-ADAA-4341-D43D-B878A03546E6}.Debug|Any CPU.Build.0 = Debug|Any CPU
		{34E8B5E4-ADAA-4341-D43D-B878A03546E6}.Release|Any CPU.ActiveCfg = Release|Any CPU
		{34E8B5E4-ADAA-4341-D43D-B878A03546E6}.Release|Any CPU.Build.0 = Release|Any CPU
	EndGlobalSection
	GlobalSection(SolutionProperties) = preSolution
		HideSolutionNode = FALSE
	EndGlobalSection
EndGlobal
